
Microsoft Visual Studio Solution File, Format Version 12.00
# Visual Studio Version 17
VisualStudioVersion = 17.14.36616.10 d17.14
MinimumVisualStudioVersion = 10.0.40219.1
Project("{888888A0-9F3D-457C-B088-3A5042F75D52}") = "tgbot", "tgbot\tgbot.pyproj", "{F93205F3-2D7D-479D-9D11-E36765BF78FA}"
EndProject
Global
	GlobalSection(SolutionConfigurationPlatforms) = preSolution
		Debug|Any CPU = Debug|Any CPU
		Release|Any CPU = Release|Any CPU
	EndGlobalSection
	GlobalSection(ProjectConfigurationPlatforms) = postSolution
		{F93205F3-2D7D-479D-9D11-E36765BF78FA}.Debug|Any CPU.ActiveCfg = Debug|Any CPU
		{F93205F3-2D7D-479D-9D11-E36765BF78FA}.Release|Any CPU.ActiveCfg = Release|Any CPU
	EndGlobalSection
	GlobalSection(SolutionProperties) = preSolution
		HideSolutionNode = FALSE
	EndGlobalSection
	GlobalSection(ExtensibilityGlobals) = postSolution
		SolutionGuid = {E4D3E7F7-CAC9-4C92-80A3-1E7792CDA2B9}
	EndGlobalSection
EndGlobal
